
Microsoft Visual Studio Solution File, Format Version 12.00
# Visual Studio Version 17
VisualStudioVersion = 17.9.34701.34
MinimumVisualStudioVersion = 10.0.40219.1
Project("{FAE04EC0-301F-11D3-BF4B-00C04F79EFBC}") = "ResoniteHeartRate", "ResoniteHeartRate\ResoniteHeartRate.csproj", "{8E2B8515-9B74-4E45-81ED-6EA31A722B37}"
EndProject
Global
	GlobalSection(SolutionConfigurationPlatforms) = preSolution
		Debug|Any CPU = Debug|Any CPU
		Release|Any CPU = Release|Any CPU
	EndGlobalSection
	GlobalSection(ProjectConfigurationPlatforms) = postSolution
		{8E2B8515-9B74-4E45-81ED-6EA31A722B37}.Debug|Any CPU.ActiveCfg = Debug|Any CPU
		{8E2B8515-9B74-4E45-81ED-6EA31A722B37}.Debug|Any CPU.Build.0 = Debug|Any CPU
		{8E2B8515-9B74-4E45-81ED-6EA31A722B37}.Release|Any CPU.ActiveCfg = Release|Any CPU
		{8E2B8515-9B74-4E45-81ED-6EA31A722B37}.Release|Any CPU.Build.0 = Release|Any CPU
	EndGlobalSection
	GlobalSection(SolutionProperties) = preSolution
		HideSolutionNode = FALSE
	EndGlobalSection
	GlobalSection(ExtensibilityGlobals) = postSolution
		SolutionGuid = {95B95FA8-110D-48D3-9B9D-650AF09AB2DE}
	EndGlobalSection
EndGlobal
